
Microsoft Visual Studio Solution File, Format Version 12.00
# Visual Studio Version 17
VisualStudioVersion = 17.5.33530.505
MinimumVisualStudioVersion = 10.0.40219.1
Project("{9A19103F-16F7-4668-BE54-9A1E7A4F7556}") = "PraktickeZadaniWPF", "PraktickeZadaniWPF\PraktickeZadaniWPF.csproj", "{7B02F5A8-7809-4DC2-880D-561D8D6C6CBC}"
EndProject
Global
	GlobalSection(SolutionConfigurationPlatforms) = preSolution
		Debug|Any CPU = Debug|Any CPU
		Release|Any CPU = Release|Any CPU
	EndGlobalSection
	GlobalSection(ProjectConfigurationPlatforms) = postSolution
		{7B02F5A8-7809-4DC2-880D-561D8D6C6CBC}.Debug|Any CPU.ActiveCfg = Debug|Any CPU
		{7B02F5A8-7809-4DC2-880D-561D8D6C6CBC}.Debug|Any CPU.Build.0 = Debug|Any CPU
		{7B02F5A8-7809-4DC2-880D-561D8D6C6CBC}.Release|Any CPU.ActiveCfg = Release|Any CPU
		{7B02F5A8-7809-4DC2-880D-561D8D6C6CBC}.Release|Any CPU.Build.0 = Release|Any CPU
	EndGlobalSection
	GlobalSection(SolutionProperties) = preSolution
		HideSolutionNode = FALSE
	EndGlobalSection
	GlobalSection(ExtensibilityGlobals) = postSolution
		SolutionGuid = {36465666-BA72-4B3C-909D-F07A9BF42640}
	EndGlobalSection
EndGlobal
